// !$*UTF8*$!
{
	archiveVersion = 1;
	classes = {
	};
	objectVersion = 55;
	objects = {

/* Begin PBXBuildFile section */
		8104844C2899D35C00715BD6 /* Network in Frameworks */ = {isa = PBXBuildFile; productRef = 8104844B2899D35C00715BD6 /* Network */; };
		8104844E2899D35F00715BD6 /* ViewModel in Frameworks */ = {isa = PBXBuildFile; productRef = 8104844D2899D35F00715BD6 /* ViewModel */; };
		810484502899D3AB00715BD6 /* MessageView.swift in Sources */ = {isa = PBXBuildFile; fileRef = 8104844F2899D3AB00715BD6 /* MessageView.swift */; };
		810484542899D61800715BD6 /* MessageListView.swift in Sources */ = {isa = PBXBuildFile; fileRef = 810484532899D61800715BD6 /* MessageListView.swift */; };
		810484562899D7AD00715BD6 /* ViewModel.swift in Sources */ = {isa = PBXBuildFile; fileRef = 810484552899D7AD00715BD6 /* ViewModel.swift */; };
		8104845A2899D87300715BD6 /* MessageList.json in Resources */ = {isa = PBXBuildFile; fileRef = 810484592899D87300715BD6 /* MessageList.json */; };
		8104845C2899E4BE00715BD6 /* AvatarView.swift in Sources */ = {isa = PBXBuildFile; fileRef = 8104845B2899E4BE00715BD6 /* AvatarView.swift */; };
		8104845E2899EA9C00715BD6 /* RegisterView.swift in Sources */ = {isa = PBXBuildFile; fileRef = 8104845D2899EA9C00715BD6 /* RegisterView.swift */; };
		810484602899EEF000715BD6 /* MessageComposerView.swift in Sources */ = {isa = PBXBuildFile; fileRef = 8104845F2899EEF000715BD6 /* MessageComposerView.swift */; };
		810484622899F0A400715BD6 /* ChatView.swift in Sources */ = {isa = PBXBuildFile; fileRef = 810484612899F0A400715BD6 /* ChatView.swift */; };
		810484642899F38500715BD6 /* View.swift in Sources */ = {isa = PBXBuildFile; fileRef = 810484632899F38500715BD6 /* View.swift */; };
		81048466289AF1B500715BD6 /* Config.swift in Sources */ = {isa = PBXBuildFile; fileRef = 81048465289AF1B500715BD6 /* Config.swift */; };
		812408EF2899B2F600D8B45D /* ChatAppApp.swift in Sources */ = {isa = PBXBuildFile; fileRef = 812408EE2899B2F600D8B45D /* ChatAppApp.swift */; };
		812408F12899B2F700D8B45D /* ContentView.swift in Sources */ = {isa = PBXBuildFile; fileRef = 812408F02899B2F700D8B45D /* ContentView.swift */; };
		812408F32899B2F900D8B45D /* Assets.xcassets in Resources */ = {isa = PBXBuildFile; fileRef = 812408F22899B2F900D8B45D /* Assets.xcassets */; };
		812408F62899B2F900D8B45D /* Preview Assets.xcassets in Resources */ = {isa = PBXBuildFile; fileRef = 812408F52899B2F900D8B45D /* Preview Assets.xcassets */; };
/* End PBXBuildFile section */

/* Begin PBXFileReference section */
		810484472899C69200715BD6 /* Network */ = {isa = PBXFileReference; lastKnownFileType = wrapper; path = Network; sourceTree = "<group>"; };
		8104844F2899D3AB00715BD6 /* MessageView.swift */ = {isa = PBXFileReference; lastKnownFileType = sourcecode.swift; path = MessageView.swift; sourceTree = "<group>"; };
		810484532899D61800715BD6 /* MessageListView.swift */ = {isa = PBXFileReference; lastKnownFileType = sourcecode.swift; path = MessageListView.swift; sourceTree = "<group>"; };
		810484552899D7AD00715BD6 /* ViewModel.swift */ = {isa = PBXFileReference; lastKnownFileType = sourcecode.swift; path = ViewModel.swift; sourceTree = "<group>"; };
		810484592899D87300715BD6 /* MessageList.json */ = {isa = PBXFileReference; fileEncoding = 4; lastKnownFileType = text.json; path = MessageList.json; sourceTree = "<group>"; };
		8104845B2899E4BE00715BD6 /* AvatarView.swift */ = {isa = PBXFileReference; lastKnownFileType = sourcecode.swift; path = AvatarView.swift; sourceTree = "<group>"; };
		8104845D2899EA9C00715BD6 /* RegisterView.swift */ = {isa = PBXFileReference; lastKnownFileType = sourcecode.swift; path = RegisterView.swift; sourceTree = "<group>"; };
		8104845F2899EEF000715BD6 /* MessageComposerView.swift */ = {isa = PBXFileReference; lastKnownFileType = sourcecode.swift; path = MessageComposerView.swift; sourceTree = "<group>"; };
		810484612899F0A400715BD6 /* ChatView.swift */ = {isa = PBXFileReference; lastKnownFileType = sourcecode.swift; path = ChatView.swift; sourceTree = "<group>"; };
		810484632899F38500715BD6 /* View.swift */ = {isa = PBXFileReference; lastKnownFileType = sourcecode.swift; path = View.swift; sourceTree = "<group>"; };
		81048465289AF1B500715BD6 /* Config.swift */ = {isa = PBXFileReference; lastKnownFileType = sourcecode.swift; path = Config.swift; sourceTree = "<group>"; };
		812408EB2899B2F600D8B45D /* ChatApp.app */ = {isa = PBXFileReference; explicitFileType = wrapper.application; includeInIndex = 0; path = ChatApp.app; sourceTree = BUILT_PRODUCTS_DIR; };
		812408EE2899B2F600D8B45D /* ChatAppApp.swift */ = {isa = PBXFileReference; lastKnownFileType = sourcecode.swift; path = ChatAppApp.swift; sourceTree = "<group>"; };
		812408F02899B2F700D8B45D /* ContentView.swift */ = {isa = PBXFileReference; lastKnownFileType = sourcecode.swift; path = ContentView.swift; sourceTree = "<group>"; };
		812408F22899B2F900D8B45D /* Assets.xcassets */ = {isa = PBXFileReference; lastKnownFileType = folder.assetcatalog; path = Assets.xcassets; sourceTree = "<group>"; };
		812408F52899B2F900D8B45D /* Preview Assets.xcassets */ = {isa = PBXFileReference; lastKnownFileType = folder.assetcatalog; path = "Preview Assets.xcassets"; sourceTree = "<group>"; };
		81EBC6F42899C64200BF5ECB /* ViewModel */ = {isa = PBXFileReference; lastKnownFileType = wrapper; path = ViewModel; sourceTree = "<group>"; };
/* End PBXFileReference section */

/* Begin PBXFrameworksBuildPhase section */
		812408E82899B2F600D8B45D /* Frameworks */ = {
			isa = PBXFrameworksBuildPhase;
			buildActionMask = 2147483647;
			files = (
				8104844C2899D35C00715BD6 /* Network in Frameworks */,
				8104844E2899D35F00715BD6 /* ViewModel in Frameworks */,
			);
			runOnlyForDeploymentPostprocessing = 0;
		};
/* End PBXFrameworksBuildPhase section */

/* Begin PBXGroup section */
		810484482899D35900715BD6 /* Frameworks */ = {
			isa = PBXGroup;
			children = (
			);
			name = Frameworks;
			sourceTree = "<group>";
		};
		812408E22899B2F600D8B45D = {
			isa = PBXGroup;
			children = (
				81EBC6F32899C64200BF5ECB /* Packages */,
				812408ED2899B2F600D8B45D /* ChatApp */,
				812408EC2899B2F600D8B45D /* Products */,
				810484482899D35900715BD6 /* Frameworks */,
			);
			sourceTree = "<group>";
		};
		812408EC2899B2F600D8B45D /* Products */ = {
			isa = PBXGroup;
			children = (
				812408EB2899B2F600D8B45D /* ChatApp.app */,
			);
			name = Products;
			sourceTree = "<group>";
		};
		812408ED2899B2F600D8B45D /* ChatApp */ = {
			isa = PBXGroup;
			children = (
				812408F02899B2F700D8B45D /* ContentView.swift */,
				812408EE2899B2F600D8B45D /* ChatAppApp.swift */,
				8104845D2899EA9C00715BD6 /* RegisterView.swift */,
				810484612899F0A400715BD6 /* ChatView.swift */,
				810484532899D61800715BD6 /* MessageListView.swift */,
				8104844F2899D3AB00715BD6 /* MessageView.swift */,
				8104845B2899E4BE00715BD6 /* AvatarView.swift */,
				810484632899F38500715BD6 /* View.swift */,
				8104845F2899EEF000715BD6 /* MessageComposerView.swift */,
				810484552899D7AD00715BD6 /* ViewModel.swift */,
				812408F22899B2F900D8B45D /* Assets.xcassets */,
				812408F42899B2F900D8B45D /* Preview Content */,
				81048465289AF1B500715BD6 /* Config.swift */,
			);
			path = ChatApp;
			sourceTree = "<group>";
		};
		812408F42899B2F900D8B45D /* Preview Content */ = {
			isa = PBXGroup;
			children = (
				810484592899D87300715BD6 /* MessageList.json */,
				812408F52899B2F900D8B45D /* Preview Assets.xcassets */,
			);
			path = "Preview Content";
			sourceTree = "<group>";
		};
		81EBC6F32899C64200BF5ECB /* Packages */ = {
			isa = PBXGroup;
			children = (
				810484472899C69200715BD6 /* Network */,
				81EBC6F42899C64200BF5ECB /* ViewModel */,
			);
			name = Packages;
			sourceTree = "<group>";
		};
/* End PBXGroup section */

/* Begin PBXNativeTarget section */
		812408EA2899B2F600D8B45D /* ChatApp */ = {
			isa = PBXNativeTarget;
			buildConfigurationList = 8124090F2899B2FA00D8B45D /* Build configuration list for PBXNativeTarget "ChatApp" */;
			buildPhases = (
				812408E72899B2F600D8B45D /* Sources */,
				812408E82899B2F600D8B45D /* Frameworks */,
				812408E92899B2F600D8B45D /* Resources */,
			);
			buildRules = (
			);
			dependencies = (
			);
			name = ChatApp;
			packageProductDependencies = (
				8104844B2899D35C00715BD6 /* Network */,
				8104844D2899D35F00715BD6 /* ViewModel */,
			);
			productName = ChatApp;
			productReference = 812408EB2899B2F600D8B45D /* ChatApp.app */;
			productType = "com.apple.product-type.application";
		};
/* End PBXNativeTarget section */

/* Begin PBXProject section */
		812408E32899B2F600D8B45D /* Project object */ = {
			isa = PBXProject;
			attributes = {
				BuildIndependentTargetsInParallel = 1;
				LastSwiftUpdateCheck = 1340;
				LastUpgradeCheck = 1340;
				TargetAttributes = {
					812408EA2899B2F600D8B45D = {
						CreatedOnToolsVersion = 13.4.1;
					};
				};
			};
			buildConfigurationList = 812408E62899B2F600D8B45D /* Build configuration list for PBXProject "ChatApp" */;
			compatibilityVersion = "Xcode 13.0";
			developmentRegion = en;
			hasScannedForEncodings = 0;
			knownRegions = (
				en,
				Base,
			);
			mainGroup = 812408E22899B2F600D8B45D;
			productRefGroup = 812408EC2899B2F600D8B45D /* Products */;
			projectDirPath = "";
			projectRoot = "";
			targets = (
				812408EA2899B2F600D8B45D /* ChatApp */,
			);
		};
/* End PBXProject section */

/* Begin PBXResourcesBuildPhase section */
		812408E92899B2F600D8B45D /* Resources */ = {
			isa = PBXResourcesBuildPhase;
			buildActionMask = 2147483647;
			files = (
				812408F62899B2F900D8B45D /* Preview Assets.xcassets in Resources */,
				812408F32899B2F900D8B45D /* Assets.xcassets in Resources */,
				8104845A2899D87300715BD6 /* MessageList.json in Resources */,
			);
			runOnlyForDeploymentPostprocessing = 0;
		};
/* End PBXResourcesBuildPhase section */

/* Begin PBXSourcesBuildPhase section */
		812408E72899B2F600D8B45D /* Sources */ = {
			isa = PBXSourcesBuildPhase;
			buildActionMask = 2147483647;
			files = (
				810484542899D61800715BD6 /* MessageListView.swift in Sources */,
				8104845C2899E4BE00715BD6 /* AvatarView.swift in Sources */,
				810484642899F38500715BD6 /* View.swift in Sources */,
				810484602899EEF000715BD6 /* MessageComposerView.swift in Sources */,
				81048466289AF1B500715BD6 /* Config.swift in Sources */,
				812408F12899B2F700D8B45D /* ContentView.swift in Sources */,
				810484622899F0A400715BD6 /* ChatView.swift in Sources */,
				8104845E2899EA9C00715BD6 /* RegisterView.swift in Sources */,
				812408EF2899B2F600D8B45D /* ChatAppApp.swift in Sources */,
				810484562899D7AD00715BD6 /* ViewModel.swift in Sources */,
				810484502899D3AB00715BD6 /* MessageView.swift in Sources */,
			);
			runOnlyForDeploymentPostprocessing = 0;
		};
/* End PBXSourcesBuildPhase section */

/* Begin XCBuildConfiguration section */
		8124090D2899B2FA00D8B45D /* Debug */ = {
			isa = XCBuildConfiguration;
			buildSettings = {
				ALWAYS_SEARCH_USER_PATHS = NO;
				CLANG_ANALYZER_NONNULL = YES;
				CLANG_ANALYZER_NUMBER_OBJECT_CONVERSION = YES_AGGRESSIVE;
				CLANG_CXX_LANGUAGE_STANDARD = "gnu++17";
				CLANG_ENABLE_MODULES = YES;
				CLANG_ENABLE_OBJC_ARC = YES;
				CLANG_ENABLE_OBJC_WEAK = YES;
				CLANG_WARN_BLOCK_CAPTURE_AUTORELEASING = YES;
				CLANG_WARN_BOOL_CONVERSION = YES;
				CLANG_WARN_COMMA = YES;
				CLANG_WARN_CONSTANT_CONVERSION = YES;
				CLANG_WARN_DEPRECATED_OBJC_IMPLEMENTATIONS = YES;
				CLANG_WARN_DIRECT_OBJC_ISA_USAGE = YES_ERROR;
				CLANG_WARN_DOCUMENTATION_COMMENTS = YES;
				CLANG_WARN_EMPTY_BODY = YES;
				CLANG_WARN_ENUM_CONVERSION = YES;
				CLANG_WARN_INFINITE_RECURSION = YES;
				CLANG_WARN_INT_CONVERSION = YES;
				CLANG_WARN_NON_LITERAL_NULL_CONVERSION = YES;
				CLANG_WARN_OBJC_IMPLICIT_RETAIN_SELF = YES;
				CLANG_WARN_OBJC_LITERAL_CONVERSION = YES;
				CLANG_WARN_OBJC_ROOT_CLASS = YES_ERROR;
				CLANG_WARN_QUOTED_INCLUDE_IN_FRAMEWORK_HEADER = YES;
				CLANG_WARN_RANGE_LOOP_ANALYSIS = YES;
				CLANG_WARN_STRICT_PROTOTYPES = YES;
				CLANG_WARN_SUSPICIOUS_MOVE = YES;
				CLANG_WARN_UNGUARDED_AVAILABILITY = YES_AGGRESSIVE;
				CLANG_WARN_UNREACHABLE_CODE = YES;
				CLANG_WARN__DUPLICATE_METHOD_MATCH = YES;
				COPY_PHASE_STRIP = NO;
				DEBUG_INFORMATION_FORMAT = dwarf;
				ENABLE_STRICT_OBJC_MSGSEND = YES;
				ENABLE_TESTABILITY = YES;
				GCC_C_LANGUAGE_STANDARD = gnu11;
				GCC_DYNAMIC_NO_PIC = NO;
				GCC_NO_COMMON_BLOCKS = YES;
				GCC_OPTIMIZATION_LEVEL = 0;
				GCC_PREPROCESSOR_DEFINITIONS = (
					"DEBUG=1",
					"$(inherited)",
				);
				GCC_WARN_64_TO_32_BIT_CONVERSION = YES;
				GCC_WARN_ABOUT_RETURN_TYPE = YES_ERROR;
				GCC_WARN_UNDECLARED_SELECTOR = YES;
				GCC_WARN_UNINITIALIZED_AUTOS = YES_AGGRESSIVE;
				GCC_WARN_UNUSED_FUNCTION = YES;
				GCC_WARN_UNUSED_VARIABLE = YES;
				IPHONEOS_DEPLOYMENT_TARGET = 15.5;
				MTL_ENABLE_DEBUG_INFO = INCLUDE_SOURCE;
				MTL_FAST_MATH = YES;
				ONLY_ACTIVE_ARCH = YES;
				SDKROOT = iphoneos;
				SWIFT_ACTIVE_COMPILATION_CONDITIONS = DEBUG;
				SWIFT_OPTIMIZATION_LEVEL = "-Onone";
			};
			name = Debug;
		};
		8124090E2899B2FA00D8B45D /* Release */ = {
			isa = XCBuildConfiguration;
			buildSettings = {
				ALWAYS_SEARCH_USER_PATHS = NO;
				CLANG_ANALYZER_NONNULL = YES;
				CLANG_ANALYZER_NUMBER_OBJECT_CONVERSION = YES_AGGRESSIVE;
				CLANG_CXX_LANGUAGE_STANDARD = "gnu++17";
				CLANG_ENABLE_MODULES = YES;
				CLANG_ENABLE_OBJC_ARC = YES;
				CLANG_ENABLE_OBJC_WEAK = YES;
				CLANG_WARN_BLOCK_CAPTURE_AUTORELEASING = YES;
				CLANG_WARN_BOOL_CONVERSION = YES;
				CLANG_WARN_COMMA = YES;
				CLANG_WARN_CONSTANT_CONVERSION = YES;
				CLANG_WARN_DEPRECATED_OBJC_IMPLEMENTATIONS = YES;
				CLANG_WARN_DIRECT_OBJC_ISA_USAGE = YES_ERROR;
				CLANG_WARN_DOCUMENTATION_COMMENTS = YES;
				CLANG_WARN_EMPTY_BODY = YES;
				CLANG_WARN_ENUM_CONVERSION = YES;
				CLANG_WARN_INFINITE_RECURSION = YES;
				CLANG_WARN_INT_CONVERSION = YES;
				CLANG_WARN_NON_LITERAL_NULL_CONVERSION = YES;
				CLANG_WARN_OBJC_IMPLICIT_RETAIN_SELF = YES;
				CLANG_WARN_OBJC_LITERAL_CONVERSION = YES;
				CLANG_WARN_OBJC_ROOT_CLASS = YES_ERROR;
				CLANG_WARN_QUOTED_INCLUDE_IN_FRAMEWORK_HEADER = YES;
				CLANG_WARN_RANGE_LOOP_ANALYSIS = YES;
				CLANG_WARN_STRICT_PROTOTYPES = YES;
				CLANG_WARN_SUSPICIOUS_MOVE = YES;
				CLANG_WARN_UNGUARDED_AVAILABILITY = YES_AGGRESSIVE;
				CLANG_WARN_UNREACHABLE_CODE = YES;
				CLANG_WARN__DUPLICATE_METHOD_MATCH = YES;
				COPY_PHASE_STRIP = NO;
				DEBUG_INFORMATION_FORMAT = "dwarf-with-dsym";
				ENABLE_NS_ASSERTIONS = NO;
				ENABLE_STRICT_OBJC_MSGSEND = YES;
				GCC_C_LANGUAGE_STANDARD = gnu11;
				GCC_NO_COMMON_BLOCKS = YES;
				GCC_WARN_64_TO_32_BIT_CONVERSION = YES;
				GCC_WARN_ABOUT_RETURN_TYPE = YES_ERROR;
				GCC_WARN_UNDECLARED_SELECTOR = YES;
				GCC_WARN_UNINITIALIZED_AUTOS = YES_AGGRESSIVE;
				GCC_WARN_UNUSED_FUNCTION = YES;
				GCC_WARN_UNUSED_VARIABLE = YES;
				IPHONEOS_DEPLOYMENT_TARGET = 15.5;
				MTL_ENABLE_DEBUG_INFO = NO;
				MTL_FAST_MATH = YES;
				SDKROOT = iphoneos;
				SWIFT_COMPILATION_MODE = wholemodule;
				SWIFT_OPTIMIZATION_LEVEL = "-O";
				VALIDATE_PRODUCT = YES;
			};
			name = Release;
		};
		812409102899B2FA00D8B45D /* Debug */ = {
			isa = XCBuildConfiguration;
			buildSettings = {
				ASSETCATALOG_COMPILER_APPICON_NAME = AppIcon;
				ASSETCATALOG_COMPILER_GLOBAL_ACCENT_COLOR_NAME = AccentColor;
				CODE_SIGN_STYLE = Automatic;
				CURRENT_PROJECT_VERSION = 1;
				DEVELOPMENT_ASSET_PATHS = "\"ChatApp/Preview Content\"";
				DEVELOPMENT_TEAM = QAKQ989T4B;
				ENABLE_PREVIEWS = YES;
				GENERATE_INFOPLIST_FILE = YES;
				INFOPLIST_KEY_UIApplicationSceneManifest_Generation = YES;
				INFOPLIST_KEY_UIApplicationSupportsIndirectInputEvents = YES;
				INFOPLIST_KEY_UILaunchScreen_Generation = YES;
				INFOPLIST_KEY_UISupportedInterfaceOrientations_iPad = "UIInterfaceOrientationPortrait UIInterfaceOrientationPortraitUpsideDown UIInterfaceOrientationLandscapeLeft UIInterfaceOrientationLandscapeRight";
				INFOPLIST_KEY_UISupportedInterfaceOrientations_iPhone = "UIInterfaceOrientationPortrait UIInterfaceOrientationLandscapeLeft UIInterfaceOrientationLandscapeRight";
				IPHONEOS_DEPLOYMENT_TARGET = 15.0;
				LD_RUNPATH_SEARCH_PATHS = (
					"$(inherited)",
					"@executable_path/Frameworks",
				);
				MARKETING_VERSION = 1.0;
				PRODUCT_BUNDLE_IDENTIFIER = net.aramzamzam.ChatApp;
				PRODUCT_NAME = "$(TARGET_NAME)";
				SWIFT_EMIT_LOC_STRINGS = YES;
				SWIFT_VERSION = 5.0;
				TARGETED_DEVICE_FAMILY = "1,2";
			};
			name = Debug;
		};
		812409112899B2FA00D8B45D /* Release */ = {
			isa = XCBuildConfiguration;
			buildSettings = {
				ASSETCATALOG_COMPILER_APPICON_NAME = AppIcon;
				ASSETCATALOG_COMPILER_GLOBAL_ACCENT_COLOR_NAME = AccentColor;
				CODE_SIGN_STYLE = Automatic;
				CURRENT_PROJECT_VERSION = 1;
				DEVELOPMENT_ASSET_PATHS = "\"ChatApp/Preview Content\"";
				DEVELOPMENT_TEAM = QAKQ989T4B;
				ENABLE_PREVIEWS = YES;
				GENERATE_INFOPLIST_FILE = YES;
				INFOPLIST_KEY_UIApplicationSceneManifest_Generation = YES;
				INFOPLIST_KEY_UIApplicationSupportsIndirectInputEvents = YES;
				INFOPLIST_KEY_UILaunchScreen_Generation = YES;
				INFOPLIST_KEY_UISupportedInterfaceOrientations_iPad = "UIInterfaceOrientationPortrait UIInterfaceOrientationPortraitUpsideDown UIInterfaceOrientationLandscapeLeft UIInterfaceOrientationLandscapeRight";
				INFOPLIST_KEY_UISupportedInterfaceOrientations_iPhone = "UIInterfaceOrientationPortrait UIInterfaceOrientationLandscapeLeft UIInterfaceOrientationLandscapeRight";
				IPHONEOS_DEPLOYMENT_TARGET = 15.0;
				LD_RUNPATH_SEARCH_PATHS = (
					"$(inherited)",
					"@executable_path/Frameworks",
				);
				MARKETING_VERSION = 1.0;
				PRODUCT_BUNDLE_IDENTIFIER = net.aramzamzam.ChatApp;
				PRODUCT_NAME = "$(TARGET_NAME)";
				SWIFT_EMIT_LOC_STRINGS = YES;
				SWIFT_VERSION = 5.0;
				TARGETED_DEVICE_FAMILY = "1,2";
			};
			name = Release;
		};
/* End XCBuildConfiguration section */

/* Begin XCConfigurationList section */
		812408E62899B2F600D8B45D /* Build configuration list for PBXProject "ChatApp" */ = {
			isa = XCConfigurationList;
			buildConfigurations = (
				8124090D2899B2FA00D8B45D /* Debug */,
				8124090E2899B2FA00D8B45D /* Release */,
			);
			defaultConfigurationIsVisible = 0;
			defaultConfigurationName = Release;
		};
		8124090F2899B2FA00D8B45D /* Build configuration list for PBXNativeTarget "ChatApp" */ = {
			isa = XCConfigurationList;
			buildConfigurations = (
				812409102899B2FA00D8B45D /* Debug */,
				812409112899B2FA00D8B45D /* Release */,
			);
			defaultConfigurationIsVisible = 0;
			defaultConfigurationName = Release;
		};
/* End XCConfigurationList section */

/* Begin XCSwiftPackageProductDependency section */
		8104844B2899D35C00715BD6 /* Network */ = {
			isa = XCSwiftPackageProductDependency;
			productName = Network;
		};
		8104844D2899D35F00715BD6 /* ViewModel */ = {
			isa = XCSwiftPackageProductDependency;
			productName = ViewModel;
		};
/* End XCSwiftPackageProductDependency section */
	};
	rootObject = 812408E32899B2F600D8B45D /* Project object */;
}
